{
  "name": "@requiems/api-skills",
  "version": "0.0.1",
  "lockfileVersion": 3,
  "requires": true,
  "packages": {
    "": {
      "name": "@requiems/api-skills",
      "version": "0.0.1",
      "license": "MIT",
      "dependencies": {
        "@requiems/api-skills": "file:requiems-api-skills-0.0.1.tgz"
      }
    },
    "node_modules/@requiems/api-skills": {
      "version": "0.0.1",
      "resolved": "file:requiems-api-skills-0.0.1.tgz",
      "integrity": "sha512-oE+usQCvT+tqe+99BmoSgAPsO7voryaiKWc6qEmehFN56eN/cTwX0gQJtjZuafwRt0i7OJ+M381qp1y1uKVHFA==",
      "license": "MIT"
    }
  }
}
